// !$*UTF8*$!
{
	archiveVersion = 1;
	classes = {
	};
	objectVersion = 50;
	objects = {

/* Begin PBXBuildFile section */
		C5B03889D61B26DC87C36C16 /* Pods_Yelp_Locator.framework in Frameworks */ = {isa = PBXBuildFile; fileRef = 44E5467605D6ED8ECFC7E49B /* Pods_Yelp_Locator.framework */; };
		F06F81C9261F6D9700E7A392 /* AppDelegate.swift in Sources */ = {isa = PBXBuildFile; fileRef = F06F81C8261F6D9700E7A392 /* AppDelegate.swift */; };
		F06F81CB261F6D9700E7A392 /* SceneDelegate.swift in Sources */ = {isa = PBXBuildFile; fileRef = F06F81CA261F6D9700E7A392 /* SceneDelegate.swift */; };
		F06F81CD261F6D9700E7A392 /* ViewController.swift in Sources */ = {isa = PBXBuildFile; fileRef = F06F81CC261F6D9700E7A392 /* ViewController.swift */; };
		F06F81D0261F6D9700E7A392 /* Main.storyboard in Resources */ = {isa = PBXBuildFile; fileRef = F06F81CE261F6D9700E7A392 /* Main.storyboard */; };
		F06F81D2261F6D9900E7A392 /* Assets.xcassets in Resources */ = {isa = PBXBuildFile; fileRef = F06F81D1261F6D9900E7A392 /* Assets.xcassets */; };
		F06F81D5261F6D9900E7A392 /* LaunchScreen.storyboard in Resources */ = {isa = PBXBuildFile; fileRef = F06F81D3261F6D9900E7A392 /* LaunchScreen.storyboard */; };
		F06F81DF261F6E1100E7A392 /* Views in Resources */ = {isa = PBXBuildFile; fileRef = F06F81DD261F6E1100E7A392 /* Views */; };
		F06F81E0261F6E1100E7A392 /* Networking in Resources */ = {isa = PBXBuildFile; fileRef = F06F81DE261F6E1100E7A392 /* Networking */; };
/* End PBXBuildFile section */

/* Begin PBXFileReference section */
		44E5467605D6ED8ECFC7E49B /* Pods_Yelp_Locator.framework */ = {isa = PBXFileReference; explicitFileType = wrapper.framework; includeInIndex = 0; path = Pods_Yelp_Locator.framework; sourceTree = BUILT_PRODUCTS_DIR; };
		AAC82C0D0324336E07C8C8E3 /* Pods-Yelp Locator.release.xcconfig */ = {isa = PBXFileReference; includeInIndex = 1; lastKnownFileType = text.xcconfig; name = "Pods-Yelp Locator.release.xcconfig"; path = "Target Support Files/Pods-Yelp Locator/Pods-Yelp Locator.release.xcconfig"; sourceTree = "<group>"; };
		F06F81C5261F6D9700E7A392 /* Yelp Locator.app */ = {isa = PBXFileReference; explicitFileType = wrapper.application; includeInIndex = 0; path = "Yelp Locator.app"; sourceTree = BUILT_PRODUCTS_DIR; };
		F06F81C8261F6D9700E7A392 /* AppDelegate.swift */ = {isa = PBXFileReference; lastKnownFileType = sourcecode.swift; path = AppDelegate.swift; sourceTree = "<group>"; };
		F06F81CA261F6D9700E7A392 /* SceneDelegate.swift */ = {isa = PBXFileReference; lastKnownFileType = sourcecode.swift; path = SceneDelegate.swift; sourceTree = "<group>"; };
		F06F81CC261F6D9700E7A392 /* ViewController.swift */ = {isa = PBXFileReference; lastKnownFileType = sourcecode.swift; path = ViewController.swift; sourceTree = "<group>"; };
		F06F81CF261F6D9700E7A392 /* Base */ = {isa = PBXFileReference; lastKnownFileType = file.storyboard; name = Base; path = Base.lproj/Main.storyboard; sourceTree = "<group>"; };
		F06F81D1261F6D9900E7A392 /* Assets.xcassets */ = {isa = PBXFileReference; lastKnownFileType = folder.assetcatalog; path = Assets.xcassets; sourceTree = "<group>"; };
		F06F81D4261F6D9900E7A392 /* Base */ = {isa = PBXFileReference; lastKnownFileType = file.storyboard; name = Base; path = Base.lproj/LaunchScreen.storyboard; sourceTree = "<group>"; };
		F06F81D6261F6D9900E7A392 /* Info.plist */ = {isa = PBXFileReference; lastKnownFileType = text.plist.xml; path = Info.plist; sourceTree = "<group>"; };
		F06F81DD261F6E1100E7A392 /* Views */ = {isa = PBXFileReference; lastKnownFileType = folder; path = Views; sourceTree = "<group>"; };
		F06F81DE261F6E1100E7A392 /* Networking */ = {isa = PBXFileReference; lastKnownFileType = folder; path = Networking; sourceTree = "<group>"; };
		F9DCB972733E639519E7A942 /* Pods-Yelp Locator.debug.xcconfig */ = {isa = PBXFileReference; includeInIndex = 1; lastKnownFileType = text.xcconfig; name = "Pods-Yelp Locator.debug.xcconfig"; path = "Target Support Files/Pods-Yelp Locator/Pods-Yelp Locator.debug.xcconfig"; sourceTree = "<group>"; };
/* End PBXFileReference section */

/* Begin PBXFrameworksBuildPhase section */
		F06F81C2261F6D9700E7A392 /* Frameworks */ = {
			isa = PBXFrameworksBuildPhase;
			buildActionMask = 2147483647;
			files = (
				C5B03889D61B26DC87C36C16 /* Pods_Yelp_Locator.framework in Frameworks */,
			);
			runOnlyForDeploymentPostprocessing = 0;
		};
/* End PBXFrameworksBuildPhase section */

/* Begin PBXGroup section */
		2890415A39F6681EAC7B7D9D /* Pods */ = {
			isa = PBXGroup;
			children = (
				F9DCB972733E639519E7A942 /* Pods-Yelp Locator.debug.xcconfig */,
				AAC82C0D0324336E07C8C8E3 /* Pods-Yelp Locator.release.xcconfig */,
			);
			name = Pods;
			path = Pods;
			sourceTree = "<group>";
		};
		5A0E5E8D441F52CB0BAA4716 /* Frameworks */ = {
			isa = PBXGroup;
			children = (
				44E5467605D6ED8ECFC7E49B /* Pods_Yelp_Locator.framework */,
			);
			name = Frameworks;
			sourceTree = "<group>";
		};
		F06F81BC261F6D9700E7A392 = {
			isa = PBXGroup;
			children = (
				F06F81C7261F6D9700E7A392 /* Yelp Locator */,
				F06F81C6261F6D9700E7A392 /* Products */,
				2890415A39F6681EAC7B7D9D /* Pods */,
				5A0E5E8D441F52CB0BAA4716 /* Frameworks */,
			);
			sourceTree = "<group>";
		};
		F06F81C6261F6D9700E7A392 /* Products */ = {
			isa = PBXGroup;
			children = (
				F06F81C5261F6D9700E7A392 /* Yelp Locator.app */,
			);
			name = Products;
			sourceTree = "<group>";
		};
		F06F81C7261F6D9700E7A392 /* Yelp Locator */ = {
			isa = PBXGroup;
			children = (
				F06F81DE261F6E1100E7A392 /* Networking */,
				F06F81DD261F6E1100E7A392 /* Views */,
				F06F81C8261F6D9700E7A392 /* AppDelegate.swift */,
				F06F81CA261F6D9700E7A392 /* SceneDelegate.swift */,
				F06F81CC261F6D9700E7A392 /* ViewController.swift */,
				F06F81CE261F6D9700E7A392 /* Main.storyboard */,
				F06F81D1261F6D9900E7A392 /* Assets.xcassets */,
				F06F81D3261F6D9900E7A392 /* LaunchScreen.storyboard */,
				F06F81D6261F6D9900E7A392 /* Info.plist */,
			);
			path = "Yelp Locator";
			sourceTree = "<group>";
		};
/* End PBXGroup section */

/* Begin PBXNativeTarget section */
		F06F81C4261F6D9700E7A392 /* Yelp Locator */ = {
			isa = PBXNativeTarget;
			buildConfigurationList = F06F81D9261F6D9900E7A392 /* Build configuration list for PBXNativeTarget "Yelp Locator" */;
			buildPhases = (
				A922312AB5CEBBF5776B9BCD /* [CP] Check Pods Manifest.lock */,
				F06F81C1261F6D9700E7A392 /* Sources */,
				F06F81C2261F6D9700E7A392 /* Frameworks */,
				F06F81C3261F6D9700E7A392 /* Resources */,
				F36B7FE6EFA990D40C2F1E0C /* [CP] Embed Pods Frameworks */,
			);
			buildRules = (
			);
			dependencies = (
			);
			name = "Yelp Locator";
			productName = "Yelp Locator";
			productReference = F06F81C5261F6D9700E7A392 /* Yelp Locator.app */;
			productType = "com.apple.product-type.application";
		};
/* End PBXNativeTarget section */

/* Begin PBXProject section */
		F06F81BD261F6D9700E7A392 /* Project object */ = {
			isa = PBXProject;
			attributes = {
				LastSwiftUpdateCheck = 1230;
				LastUpgradeCheck = 1230;
				TargetAttributes = {
					F06F81C4261F6D9700E7A392 = {
						CreatedOnToolsVersion = 12.3;
					};
				};
			};
			buildConfigurationList = F06F81C0261F6D9700E7A392 /* Build configuration list for PBXProject "Yelp Locator" */;
			compatibilityVersion = "Xcode 9.3";
			developmentRegion = en;
			hasScannedForEncodings = 0;
			knownRegions = (
				en,
				Base,
			);
			mainGroup = F06F81BC261F6D9700E7A392;
			productRefGroup = F06F81C6261F6D9700E7A392 /* Products */;
			projectDirPath = "";
			projectRoot = "";
			targets = (
				F06F81C4261F6D9700E7A392 /* Yelp Locator */,
			);
		};
/* End PBXProject section */

/* Begin PBXResourcesBuildPhase section */
		F06F81C3261F6D9700E7A392 /* Resources */ = {
			isa = PBXResourcesBuildPhase;
			buildActionMask = 2147483647;
			files = (
				F06F81D5261F6D9900E7A392 /* LaunchScreen.storyboard in Resources */,
				F06F81D2261F6D9900E7A392 /* Assets.xcassets in Resources */,
				F06F81D0261F6D9700E7A392 /* Main.storyboard in Resources */,
				F06F81E0261F6E1100E7A392 /* Networking in Resources */,
				F06F81DF261F6E1100E7A392 /* Views in Resources */,
			);
			runOnlyForDeploymentPostprocessing = 0;
		};
/* End PBXResourcesBuildPhase section */

/* Begin PBXShellScriptBuildPhase section */
		A922312AB5CEBBF5776B9BCD /* [CP] Check Pods Manifest.lock */ = {
			isa = PBXShellScriptBuildPhase;
			buildActionMask = 2147483647;
			files = (
			);
			inputFileListPaths = (
			);
			inputPaths = (
				"${PODS_PODFILE_DIR_PATH}/Podfile.lock",
				"${PODS_ROOT}/Manifest.lock",
			);
			name = "[CP] Check Pods Manifest.lock";
			outputFileListPaths = (
			);
			outputPaths = (
				"$(DERIVED_FILE_DIR)/Pods-Yelp Locator-checkManifestLockResult.txt",
			);
			runOnlyForDeploymentPostprocessing = 0;
			shellPath = /bin/sh;
			shellScript = "diff \"${PODS_PODFILE_DIR_PATH}/Podfile.lock\" \"${PODS_ROOT}/Manifest.lock\" > /dev/null\nif [ $? != 0 ] ; then\n    # print error to STDERR\n    echo \"error: The sandbox is not in sync with the Podfile.lock. Run 'pod install' or update your CocoaPods installation.\" >&2\n    exit 1\nfi\n# This output is used by Xcode 'outputs' to avoid re-running this script phase.\necho \"SUCCESS\" > \"${SCRIPT_OUTPUT_FILE_0}\"\n";
			showEnvVarsInLog = 0;
		};
		F36B7FE6EFA990D40C2F1E0C /* [CP] Embed Pods Frameworks */ = {
			isa = PBXShellScriptBuildPhase;
			buildActionMask = 2147483647;
			files = (
			);
			inputFileListPaths = (
				"${PODS_ROOT}/Target Support Files/Pods-Yelp Locator/Pods-Yelp Locator-frameworks-${CONFIGURATION}-input-files.xcfilelist",
			);
			name = "[CP] Embed Pods Frameworks";
			outputFileListPaths = (
				"${PODS_ROOT}/Target Support Files/Pods-Yelp Locator/Pods-Yelp Locator-frameworks-${CONFIGURATION}-output-files.xcfilelist",
			);
			runOnlyForDeploymentPostprocessing = 0;
			shellPath = /bin/sh;
			shellScript = "\"${PODS_ROOT}/Target Support Files/Pods-Yelp Locator/Pods-Yelp Locator-frameworks.sh\"\n";
			showEnvVarsInLog = 0;
		};
/* End PBXShellScriptBuildPhase section */

/* Begin PBXSourcesBuildPhase section */
		F06F81C1261F6D9700E7A392 /* Sources */ = {
			isa = PBXSourcesBuildPhase;
			buildActionMask = 2147483647;
			files = (
				F06F81CD261F6D9700E7A392 /* ViewController.swift in Sources */,
				F06F81C9261F6D9700E7A392 /* AppDelegate.swift in Sources */,
				F06F81CB261F6D9700E7A392 /* SceneDelegate.swift in Sources */,
			);
			runOnlyForDeploymentPostprocessing = 0;
		};
/* End PBXSourcesBuildPhase section */

/* Begin PBXVariantGroup section */
		F06F81CE261F6D9700E7A392 /* Main.storyboard */ = {
			isa = PBXVariantGroup;
			children = (
				F06F81CF261F6D9700E7A392 /* Base */,
			);
			name = Main.storyboard;
			sourceTree = "<group>";
		};
		F06F81D3261F6D9900E7A392 /* LaunchScreen.storyboard */ = {
			isa = PBXVariantGroup;
			children = (
				F06F81D4261F6D9900E7A392 /* Base */,
			);
			name = LaunchScreen.storyboard;
			sourceTree = "<group>";
		};
/* End PBXVariantGroup section */

/* Begin XCBuildConfiguration section */
		F06F81D7261F6D9900E7A392 /* Debug */ = {
			isa = XCBuildConfiguration;
			buildSettings = {
				ALWAYS_SEARCH_USER_PATHS = NO;
				CLANG_ANALYZER_NONNULL = YES;
				CLANG_ANALYZER_NUMBER_OBJECT_CONVERSION = YES_AGGRESSIVE;
				CLANG_CXX_LANGUAGE_STANDARD = "gnu++14";
				CLANG_CXX_LIBRARY = "libc++";
				CLANG_ENABLE_MODULES = YES;
				CLANG_ENABLE_OBJC_ARC = YES;
				CLANG_ENABLE_OBJC_WEAK = YES;
				CLANG_WARN_BLOCK_CAPTURE_AUTORELEASING = YES;
				CLANG_WARN_BOOL_CONVERSION = YES;
				CLANG_WARN_COMMA = YES;
				CLANG_WARN_CONSTANT_CONVERSION = YES;
				CLANG_WARN_DEPRECATED_OBJC_IMPLEMENTATIONS = YES;
				CLANG_WARN_DIRECT_OBJC_ISA_USAGE = YES_ERROR;
				CLANG_WARN_DOCUMENTATION_COMMENTS = YES;
				CLANG_WARN_EMPTY_BODY = YES;
				CLANG_WARN_ENUM_CONVERSION = YES;
				CLANG_WARN_INFINITE_RECURSION = YES;
				CLANG_WARN_INT_CONVERSION = YES;
				CLANG_WARN_NON_LITERAL_NULL_CONVERSION = YES;
				CLANG_WARN_OBJC_IMPLICIT_RETAIN_SELF = YES;
				CLANG_WARN_OBJC_LITERAL_CONVERSION = YES;
				CLANG_WARN_OBJC_ROOT_CLASS = YES_ERROR;
				CLANG_WARN_QUOTED_INCLUDE_IN_FRAMEWORK_HEADER = YES;
				CLANG_WARN_RANGE_LOOP_ANALYSIS = YES;
				CLANG_WARN_STRICT_PROTOTYPES = YES;
				CLANG_WARN_SUSPICIOUS_MOVE = YES;
				CLANG_WARN_UNGUARDED_AVAILABILITY = YES_AGGRESSIVE;
				CLANG_WARN_UNREACHABLE_CODE = YES;
				CLANG_WARN__DUPLICATE_METHOD_MATCH = YES;
				COPY_PHASE_STRIP = NO;
				DEBUG_INFORMATION_FORMAT = dwarf;
				ENABLE_STRICT_OBJC_MSGSEND = YES;
				ENABLE_TESTABILITY = YES;
				GCC_C_LANGUAGE_STANDARD = gnu11;
				GCC_DYNAMIC_NO_PIC = NO;
				GCC_NO_COMMON_BLOCKS = YES;
				GCC_OPTIMIZATION_LEVEL = 0;
				GCC_PREPROCESSOR_DEFINITIONS = (
					"DEBUG=1",
					"$(inherited)",
				);
				GCC_WARN_64_TO_32_BIT_CONVERSION = YES;
				GCC_WARN_ABOUT_RETURN_TYPE = YES_ERROR;
				GCC_WARN_UNDECLARED_SELECTOR = YES;
				GCC_WARN_UNINITIALIZED_AUTOS = YES_AGGRESSIVE;
				GCC_WARN_UNUSED_FUNCTION = YES;
				GCC_WARN_UNUSED_VARIABLE = YES;
				IPHONEOS_DEPLOYMENT_TARGET = 14.3;
				MTL_ENABLE_DEBUG_INFO = INCLUDE_SOURCE;
				MTL_FAST_MATH = YES;
				ONLY_ACTIVE_ARCH = YES;
				SDKROOT = iphoneos;
				SWIFT_ACTIVE_COMPILATION_CONDITIONS = DEBUG;
				SWIFT_OPTIMIZATION_LEVEL = "-Onone";
			};
			name = Debug;
		};
		F06F81D8261F6D9900E7A392 /* Release */ = {
			isa = XCBuildConfiguration;
			buildSettings = {
				ALWAYS_SEARCH_USER_PATHS = NO;
				CLANG_ANALYZER_NONNULL = YES;
				CLANG_ANALYZER_NUMBER_OBJECT_CONVERSION = YES_AGGRESSIVE;
				CLANG_CXX_LANGUAGE_STANDARD = "gnu++14";
				CLANG_CXX_LIBRARY = "libc++";
				CLANG_ENABLE_MODULES = YES;
				CLANG_ENABLE_OBJC_ARC = YES;
				CLANG_ENABLE_OBJC_WEAK = YES;
				CLANG_WARN_BLOCK_CAPTURE_AUTORELEASING = YES;
				CLANG_WARN_BOOL_CONVERSION = YES;
				CLANG_WARN_COMMA = YES;
				CLANG_WARN_CONSTANT_CONVERSION = YES;
				CLANG_WARN_DEPRECATED_OBJC_IMPLEMENTATIONS = YES;
				CLANG_WARN_DIRECT_OBJC_ISA_USAGE = YES_ERROR;
				CLANG_WARN_DOCUMENTATION_COMMENTS = YES;
				CLANG_WARN_EMPTY_BODY = YES;
				CLANG_WARN_ENUM_CONVERSION = YES;
				CLANG_WARN_INFINITE_RECURSION = YES;
				CLANG_WARN_INT_CONVERSION = YES;
				CLANG_WARN_NON_LITERAL_NULL_CONVERSION = YES;
				CLANG_WARN_OBJC_IMPLICIT_RETAIN_SELF = YES;
				CLANG_WARN_OBJC_LITERAL_CONVERSION = YES;
				CLANG_WARN_OBJC_ROOT_CLASS = YES_ERROR;
				CLANG_WARN_QUOTED_INCLUDE_IN_FRAMEWORK_HEADER = YES;
				CLANG_WARN_RANGE_LOOP_ANALYSIS = YES;
				CLANG_WARN_STRICT_PROTOTYPES = YES;
				CLANG_WARN_SUSPICIOUS_MOVE = YES;
				CLANG_WARN_UNGUARDED_AVAILABILITY = YES_AGGRESSIVE;
				CLANG_WARN_UNREACHABLE_CODE = YES;
				CLANG_WARN__DUPLICATE_METHOD_MATCH = YES;
				COPY_PHASE_STRIP = NO;
				DEBUG_INFORMATION_FORMAT = "dwarf-with-dsym";
				ENABLE_NS_ASSERTIONS = NO;
				ENABLE_STRICT_OBJC_MSGSEND = YES;
				GCC_C_LANGUAGE_STANDARD = gnu11;
				GCC_NO_COMMON_BLOCKS = YES;
				GCC_WARN_64_TO_32_BIT_CONVERSION = YES;
				GCC_WARN_ABOUT_RETURN_TYPE = YES_ERROR;
				GCC_WARN_UNDECLARED_SELECTOR = YES;
				GCC_WARN_UNINITIALIZED_AUTOS = YES_AGGRESSIVE;
				GCC_WARN_UNUSED_FUNCTION = YES;
				GCC_WARN_UNUSED_VARIABLE = YES;
				IPHONEOS_DEPLOYMENT_TARGET = 14.3;
				MTL_ENABLE_DEBUG_INFO = NO;
				MTL_FAST_MATH = YES;
				SDKROOT = iphoneos;
				SWIFT_COMPILATION_MODE = wholemodule;
				SWIFT_OPTIMIZATION_LEVEL = "-O";
				VALIDATE_PRODUCT = YES;
			};
			name = Release;
		};
		F06F81DA261F6D9900E7A392 /* Debug */ = {
			isa = XCBuildConfiguration;
			baseConfigurationReference = F9DCB972733E639519E7A942 /* Pods-Yelp Locator.debug.xcconfig */;
			buildSettings = {
				ASSETCATALOG_COMPILER_APPICON_NAME = AppIcon;
				ASSETCATALOG_COMPILER_GLOBAL_ACCENT_COLOR_NAME = AccentColor;
				CODE_SIGN_STYLE = Automatic;
				INFOPLIST_FILE = "Yelp Locator/Info.plist";
				LD_RUNPATH_SEARCH_PATHS = (
					"$(inherited)",
					"@executable_path/Frameworks",
				);
				PRODUCT_BUNDLE_IDENTIFIER = "com.quantrics.Yelp-Locator";
				PRODUCT_NAME = "$(TARGET_NAME)";
				SWIFT_VERSION = 5.0;
				TARGETED_DEVICE_FAMILY = "1,2";
			};
			name = Debug;
		};
		F06F81DB261F6D9900E7A392 /* Release */ = {
			isa = XCBuildConfiguration;
			baseConfigurationReference = AAC82C0D0324336E07C8C8E3 /* Pods-Yelp Locator.release.xcconfig */;
			buildSettings = {
				ASSETCATALOG_COMPILER_APPICON_NAME = AppIcon;
				ASSETCATALOG_COMPILER_GLOBAL_ACCENT_COLOR_NAME = AccentColor;
				CODE_SIGN_STYLE = Automatic;
				INFOPLIST_FILE = "Yelp Locator/Info.plist";
				LD_RUNPATH_SEARCH_PATHS = (
					"$(inherited)",
					"@executable_path/Frameworks",
				);
				PRODUCT_BUNDLE_IDENTIFIER = "com.quantrics.Yelp-Locator";
				PRODUCT_NAME = "$(TARGET_NAME)";
				SWIFT_VERSION = 5.0;
				TARGETED_DEVICE_FAMILY = "1,2";
			};
			name = Release;
		};
/* End XCBuildConfiguration section */

/* Begin XCConfigurationList section */
		F06F81C0261F6D9700E7A392 /* Build configuration list for PBXProject "Yelp Locator" */ = {
			isa = XCConfigurationList;
			buildConfigurations = (
				F06F81D7261F6D9900E7A392 /* Debug */,
				F06F81D8261F6D9900E7A392 /* Release */,
			);
			defaultConfigurationIsVisible = 0;
			defaultConfigurationName = Release;
		};
		F06F81D9261F6D9900E7A392 /* Build configuration list for PBXNativeTarget "Yelp Locator" */ = {
			isa = XCConfigurationList;
			buildConfigurations = (
				F06F81DA261F6D9900E7A392 /* Debug */,
				F06F81DB261F6D9900E7A392 /* Release */,
			);
			defaultConfigurationIsVisible = 0;
			defaultConfigurationName = Release;
		};
/* End XCConfigurationList section */
	};
	rootObject = F06F81BD261F6D9700E7A392 /* Project object */;
}
